<?xml version="1.0" encoding="utf-8"?>
<Project ToolsVersion="4.0" xmlns="http://schemas.microsoft.com/developer/msbuild/2003">
  <ItemGroup>
    <Filter Include="Source Files">
      <UniqueIdentifier>{4FC737F1-C7A5-4376-A066-2A32D752A2FF}</UniqueIdentifier>
      <Extensions>cpp;c;cc;cxx;def;odl;idl;hpj;bat;asm;asmx</Extensions>
    </Filter>
    <Filter Include="Header Files">
      <UniqueIdentifier>{93995380-89BD-4b04-88EB-625FBE52EBFB}</UniqueIdentifier>
      <Extensions>h;hh;hpp;hxx;hm;inl;inc;xsd</Extensions>
    </Filter>
    <Filter Include="Resource Files">
      <UniqueIdentifier>{67DA6AB6-F800-4c08-8B7A-83BB121AAD01}</UniqueIdentifier>
      <Extensions>rc;ico;cur;bmp;dlg;rc2;rct;bin;rgs;gif;jpg;jpeg;jpe;resx;tiff;tif;png;wav;mfcribbon-ms</Extensions>
    </Filter>
  </ItemGroup>
  <ItemGroup>
    <None Include="IceFlow.ino" />
  </ItemGroup>
  <ItemGroup>
    <ClInclude Include="__vm\.IceFlow.vsarduino.h">
      <Filter>Header Files</Filter>
    </ClInclude>
    <ClInclude Include="src\DisplayManager\DisplayManager.h">
      <Filter>Header Files</Filter>
    </ClInclude>
    <ClInclude Include="src\DisplayManager\DisplayManager_Config.h">
      <Filter>Header Files</Filter>
    </ClInclude>
    <ClInclude Include="src\DisplayManager\Utilities\CommandQueue.h">
      <Filter>Header Files</Filter>
    </ClInclude>
    <ClInclude Include="src\DisplayManager\Utilities\DisplayQueue.h">
      <Filter>Header Files</Filter>
    </ClInclude>
    <ClInclude Include="src\DisplayManager\Utilities\ScreenContainer.h">
      <Filter>Header Files</Filter>
    </ClInclude>
    <ClInclude Include="src\DisplayManager\src\DMScreenContainer.h">
      <Filter>Header Files</Filter>
    </ClInclude>
    <ClInclude Include="src\DisplayManager\src\CommandQueue\CommandManagerQueue.h">
      <Filter>Header Files</Filter>
    </ClInclude>
    <ClInclude Include="src\DisplayManager\src\CommandQueue\CommandManagerQueueItem.h">
      <Filter>Header Files</Filter>
    </ClInclude>
    <ClInclude Include="src\DisplayManager\src\CommandQueue\CommandQueueItem.h">
      <Filter>Header Files</Filter>
    </ClInclude>
    <ClInclude Include="src\DisplayManager\src\DisplayQueue\DisplayManagerQueue.h">
      <Filter>Header Files</Filter>
    </ClInclude>
    <ClInclude Include="src\DisplayManager\src\DisplayQueue\DisplayManagerQueueItem.h">
      <Filter>Header Files</Filter>
    </ClInclude>
    <ClInclude Include="src\DisplayManager\src\DisplayQueue\DisplayQueueCommands.h">
      <Filter>Header Files</Filter>
    </ClInclude>
    <ClInclude Include="src\DisplayManager\src\DisplayQueue\DisplayQueueItem.h">
      <Filter>Header Files</Filter>
    </ClInclude>
    <ClInclude Include="src\Network\IceNetwork.h">
      <Filter>Header Files</Filter>
    </ClInclude>
    <ClInclude Include="src\Network\IceOTAManager.h">
      <Filter>Header Files</Filter>
    </ClInclude>
    <ClInclude Include="src\Network\IceWebServer.h">
      <Filter>Header Files</Filter>
    </ClInclude>
    <ClInclude Include="src\Utilities\ControlCommands.h">
      <Filter>Header Files</Filter>
    </ClInclude>
    <ClInclude Include="src\Utilities\IceFS.h">
      <Filter>Header Files</Filter>
    </ClInclude>
    <ClInclude Include="src\Utilities\PreferencesManager.h">
      <Filter>Header Files</Filter>
    </ClInclude>
    <ClInclude Include="src\IceFlow_Config.h">
      <Filter>Header Files</Filter>
    </ClInclude>
    <ClInclude Include="src\Screens\OTAScreen.h">
      <Filter>Header Files</Filter>
    </ClInclude>
    <ClInclude Include="src\Screens\Widgets\Box.h">
      <Filter>Header Files</Filter>
    </ClInclude>
    <ClInclude Include="src\Screens\Widgets\ProgressBar.h">
      <Filter>Header Files</Filter>
    </ClInclude>
    <ClInclude Include="src\Screens\Widgets\ProgressBarDto.h">
      <Filter>Header Files</Filter>
    </ClInclude>
    <ClInclude Include="src\Screens\Widgets\Spinner.h">
      <Filter>Header Files</Filter>
    </ClInclude>
    <ClInclude Include="src\Screens\Widgets\TextBox.h">
      <Filter>Header Files</Filter>
    </ClInclude>
    <ClInclude Include="src\Screens\Widgets\TextBoxDto.h">
      <Filter>Header Files</Filter>
    </ClInclude>
    <ClInclude Include="src\Screens\Utilities\DMCoordinates.h">
      <Filter>Header Files</Filter>
    </ClInclude>
    <ClInclude Include="src\Screens\Utilities\DMTheme.h">
      <Filter>Header Files</Filter>
    </ClInclude>
    <ClInclude Include="src\Screens\Utilities\InitializeScreens.h">
      <Filter>Header Files</Filter>
    </ClInclude>
    <ClInclude Include="src\Screens\Utilities\ScreenNames.h">
      <Filter>Header Files</Filter>
    </ClInclude>
    <ClInclude Include="src\Screens\Utilities\Screens_Config.h">
      <Filter>Header Files</Filter>
    </ClInclude>
    <ClInclude Include="src\Screens\Utilities\ScreenUpdateKeys.h">
      <Filter>Header Files</Filter>
    </ClInclude>
    <ClInclude Include="src\Screens\DMFonts\segoeui5pt7b.h">
      <Filter>Header Files</Filter>
    </ClInclude>
    <ClInclude Include="src\Screens\DMFonts\segoeui7pt7b.h">
      <Filter>Header Files</Filter>
    </ClInclude>
    <ClInclude Include="src\Screens\DMFonts\segoeui9pt7b.h">
      <Filter>Header Files</Filter>
    </ClInclude>
    <ClInclude Include="src\Screens\MainScreen.h">
      <Filter>Header Files</Filter>
    </ClInclude>
    <ClInclude Include="src\Screens\Widgets\WiFiSymbol.h">
      <Filter>Header Files</Filter>
    </ClInclude>
    <ClInclude Include="src\Screens\Panels\SideBar.h">
      <Filter>Header Files</Filter>
    </ClInclude>
    <ClInclude Include="src\Screens\Panels\Icons\IconBase.h">
      <Filter>Header Files</Filter>
    </ClInclude>
    <ClInclude Include="src\Screens\Panels\Icons\IconBaseDto.h">
      <Filter>Header Files</Filter>
    </ClInclude>
    <ClInclude Include="src\Screens\Panels\Icons\SettingsIcon.h">
      <Filter>Header Files</Filter>
    </ClInclude>
    <ClInclude Include="src\Screens\Widgets\PopUpMenu.h">
      <Filter>Header Files</Filter>
    </ClInclude>
    <ClInclude Include="src\Screens\Widgets\PopUpMenuDto.h">
      <Filter>Header Files</Filter>
    </ClInclude>
    <ClInclude Include="src\Screens\Widgets\MenuOption.h">
      <Filter>Header Files</Filter>
    </ClInclude>
    <ClInclude Include="src\ProfileManager\ProfileManager.h">
      <Filter>Header Files</Filter>
    </ClInclude>
    <ClInclude Include="src\ProfileManager\Profile.h">
      <Filter>Header Files</Filter>
    </ClInclude>
    <ClInclude Include="src\Screens\ProfilesScreen.h">
      <Filter>Header Files</Filter>
    </ClInclude>
    <ClInclude Include="src\Screens\Widgets\Button.h">
      <Filter>Header Files</Filter>
    </ClInclude>
    <ClInclude Include="src\Screens\Widgets\ButtonDto.h">
      <Filter>Header Files</Filter>
    </ClInclude>
    <ClInclude Include="src\Screens\Panels\Icons\ProfileIcon.h">
      <Filter>Header Files</Filter>
    </ClInclude>
    <ClInclude Include="src\Screens\Panels\ProfileListPanel.h">
      <Filter>Header Files</Filter>
    </ClInclude>
    <ClInclude Include="src\Screens\Panels\ProfileListItem.h">
      <Filter>Header Files</Filter>
    </ClInclude>
    <ClInclude Include="src\Screens\Panels\ProfileListItemDto.h">
      <Filter>Header Files</Filter>
    </ClInclude>
    <ClInclude Include="src\Screens\Panels\ScrollButtons.h">
      <Filter>Header Files</Filter>
    </ClInclude>
    <ClInclude Include="src\Screens\Panels\PS_ProfileGraphPanel.h">
      <Filter>Header Files</Filter>
    </ClInclude>
    <ClInclude Include="src\OvenController\OvenController.h">
      <Filter>Header Files</Filter>
    </ClInclude>
    <ClInclude Include="src\OvenController\OvenEnums.h">
      <Filter>Header Files</Filter>
    </ClInclude>
    <ClInclude Include="src\Screens\Panels\GraphPanel.h">
      <Filter>Header Files</Filter>
    </ClInclude>
    <ClInclude Include="src\Screens\Panels\GraphAutoScaler.h">
      <Filter>Header Files</Filter>
    </ClInclude>
    <ClInclude Include="src\Screens\Panels\GraphItem.h">
      <Filter>Header Files</Filter>
    </ClInclude>
    <ClInclude Include="src\Screens\Panels\Icons\ManualHeatIcon.h">
      <Filter>Header Files</Filter>
    </ClInclude>
    <ClInclude Include="src\Screens\Panels\Icons\ReflowIcon.h">
      <Filter>Header Files</Filter>
    </ClInclude>
    <ClInclude Include="src\Screens\DialogBoxes\TargetTemperatureDlg.h">
      <Filter>Header Files</Filter>
    </ClInclude>
    <ClInclude Include="src\Screens\DialogBoxes\DialogBase.h">
      <Filter>Header Files</Filter>
    </ClInclude>
    <ClInclude Include="src\Screens\DialogBoxes\DialogButton.h">
      <Filter>Header Files</Filter>
    </ClInclude>
    <ClInclude Include="src\Screens\DialogBoxes\DialogButtonDto.h">
      <Filter>Header Files</Filter>
    </ClInclude>
    <ClInclude Include="src\Screens\DialogBoxes\NumberPadDialogBox.h">
      <Filter>Header Files</Filter>
    </ClInclude>
    <ClInclude Include="src\Screens\DialogBoxes\NumPadButton.h">
      <Filter>Header Files</Filter>
    </ClInclude>
    <ClInclude Include="src\Screens\DialogBoxes\MessageBox.h">
      <Filter>Header Files</Filter>
    </ClInclude>
    <ClInclude Include="src\Screens\EditProfileScreen.h">
      <Filter>Header Files</Filter>
    </ClInclude>
    <ClInclude Include="src\Screens\DialogBoxes\KeyboardDialog.h">
      <Filter>Header Files</Filter>
    </ClInclude>
    <ClInclude Include="src\Screens\DialogBoxes\KeyboardButton.h">
      <Filter>Header Files</Filter>
    </ClInclude>
    <ClInclude Include="src\Screens\DialogBoxes\KeyboardButtonType.h">
      <Filter>Header Files</Filter>
    </ClInclude>
    <ClInclude Include="src\OvenController\AutoTune.h">
      <Filter>Header Files</Filter>
    </ClInclude>
    <ClInclude Include="src\Screens\ReflowScreen.h">
      <Filter>Header Files</Filter>
    </ClInclude>
    <ClInclude Include="src\Screens\BaseScreen.h">
      <Filter>Header Files</Filter>
    </ClInclude>
    <ClInclude Include="src\Screens\Panels\RFS_Sidebar.h">
      <Filter>Header Files</Filter>
    </ClInclude>
  </ItemGroup>
  <ItemGroup>
    <ClCompile Include="src\DisplayManager\DisplayManager.cpp">
      <Filter>Source Files</Filter>
    </ClCompile>
    <ClCompile Include="src\DisplayManager\src\CommandQueue\CommandManagerQueue.cpp">
      <Filter>Source Files</Filter>
    </ClCompile>
    <ClCompile Include="src\DisplayManager\src\DisplayQueue\DisplayManagerQueue.cpp">
      <Filter>Source Files</Filter>
    </ClCompile>
    <ClCompile Include="src\Screens\OTAScreen.cpp">
      <Filter>Source Files</Filter>
    </ClCompile>
    <ClCompile Include="src\Screens\Widgets\ProgressBar.cpp">
      <Filter>Source Files</Filter>
    </ClCompile>
    <ClCompile Include="src\Screens\Widgets\Spinner.cpp">
      <Filter>Source Files</Filter>
    </ClCompile>
    <ClCompile Include="src\Screens\Widgets\TextBox.cpp">
      <Filter>Source Files</Filter>
    </ClCompile>
    <ClCompile Include="src\Screens\MainScreen.cpp">
      <Filter>Source Files</Filter>
    </ClCompile>
    <ClCompile Include="src\Screens\Widgets\WiFiSymbol.cpp">
      <Filter>Source Files</Filter>
    </ClCompile>
    <ClCompile Include="src\Screens\Panels\SideBar.cpp">
      <Filter>Source Files</Filter>
    </ClCompile>
    <ClCompile Include="src\Screens\Panels\Icons\IconBase.cpp">
      <Filter>Source Files</Filter>
    </ClCompile>
    <ClCompile Include="src\Screens\Panels\Icons\SettingsIcon.cpp">
      <Filter>Source Files</Filter>
    </ClCompile>
    <ClCompile Include="src\Screens\Widgets\PopUpMenu.cpp">
      <Filter>Source Files</Filter>
    </ClCompile>
    <ClCompile Include="src\Screens\Widgets\MenuOption.cpp">
      <Filter>Source Files</Filter>
    </ClCompile>
    <ClCompile Include="src\ProfileManager\ProfileManager.cpp">
      <Filter>Source Files</Filter>
    </ClCompile>
    <ClCompile Include="src\Screens\ProfilesScreen.cpp">
      <Filter>Source Files</Filter>
    </ClCompile>
    <ClCompile Include="src\Screens\Widgets\Button.cpp">
      <Filter>Source Files</Filter>
    </ClCompile>
    <ClCompile Include="src\Screens\Panels\Icons\ProfileIcon.cpp">
      <Filter>Source Files</Filter>
    </ClCompile>
    <ClCompile Include="src\Screens\Panels\ProfileListPanel.cpp">
      <Filter>Source Files</Filter>
    </ClCompile>
    <ClCompile Include="src\Screens\Panels\ProfileListItem.cpp">
      <Filter>Source Files</Filter>
    </ClCompile>
    <ClCompile Include="src\Screens\Panels\ScrollButtons.cpp">
      <Filter>Source Files</Filter>
    </ClCompile>
    <ClCompile Include="src\Screens\Panels\PS_ProfileGraphPanel.cpp">
      <Filter>Source Files</Filter>
    </ClCompile>
    <ClCompile Include="src\OvenController\OvenController.cpp">
      <Filter>Source Files</Filter>
    </ClCompile>
    <ClCompile Include="src\Screens\Panels\GraphPanel.cpp">
      <Filter>Source Files</Filter>
    </ClCompile>
    <ClCompile Include="src\Screens\Panels\GraphAutoScaler.cpp">
      <Filter>Source Files</Filter>
    </ClCompile>
    <ClCompile Include="src\Screens\Panels\Icons\ManualHeatIcon.cpp">
      <Filter>Source Files</Filter>
    </ClCompile>
    <ClCompile Include="src\Screens\Panels\Icons\ReflowIcon.cpp">
      <Filter>Source Files</Filter>
    </ClCompile>
    <ClCompile Include="src\Screens\DialogBoxes\TargetTemperatureDlg.cpp">
      <Filter>Source Files</Filter>
    </ClCompile>
    <ClCompile Include="src\Screens\DialogBoxes\DialogBase.cpp">
      <Filter>Source Files</Filter>
    </ClCompile>
    <ClCompile Include="src\Screens\DialogBoxes\DialogButton.cpp">
      <Filter>Source Files</Filter>
    </ClCompile>
    <ClCompile Include="src\Screens\DialogBoxes\NumberPadDialogBox.cpp">
      <Filter>Source Files</Filter>
    </ClCompile>
    <ClCompile Include="src\Screens\DialogBoxes\NumPadButton.cpp">
      <Filter>Source Files</Filter>
    </ClCompile>
    <ClCompile Include="src\Screens\DialogBoxes\MessageBox.cpp">
      <Filter>Source Files</Filter>
    </ClCompile>
    <ClCompile Include="src\Screens\EditProfileScreen.cpp">
      <Filter>Source Files</Filter>
    </ClCompile>
    <ClCompile Include="src\Screens\DialogBoxes\KeyboardDialog.cpp">
      <Filter>Source Files</Filter>
    </ClCompile>
    <ClCompile Include="src\Screens\DialogBoxes\KeyboardButton.cpp">
      <Filter>Source Files</Filter>
    </ClCompile>
    <ClCompile Include="src\Screens\ReflowScreen.cpp">
      <Filter>Source Files</Filter>
    </ClCompile>
    <ClCompile Include="src\Screens\BaseScreen.cpp">
      <Filter>Source Files</Filter>
    </ClCompile>
    <ClCompile Include="src\Screens\Panels\RFS_Sidebar.cpp">
      <Filter>Source Files</Filter>
    </ClCompile>
  </ItemGroup>
</Project>